
Microsoft Visual Studio Solution File, Format Version 12.00
# Visual Studio 15
VisualStudioVersion = 15.0.28010.2050
MinimumVisualStudioVersion = 10.0.40219.1
Project("{FAE04EC0-301F-11D3-BF4B-00C04F79EFBC}") = "MiBand2-patternsearcher", "MiBand2-patternsearcher\MiBand2-patternsearcher.csproj", "{696833BA-1ECC-433F-9981-9650DE24297A}"
EndProject
Global
	GlobalSection(SolutionConfigurationPlatforms) = preSolution
		Debug|Any CPU = Debug|Any CPU
		Release|Any CPU = Release|Any CPU
	EndGlobalSection
	GlobalSection(ProjectConfigurationPlatforms) = postSolution
		{696833BA-1ECC-433F-9981-9650DE24297A}.Debug|Any CPU.ActiveCfg = Debug|Any CPU
		{696833BA-1ECC-433F-9981-9650DE24297A}.Debug|Any CPU.Build.0 = Debug|Any CPU
		{696833BA-1ECC-433F-9981-9650DE24297A}.Release|Any CPU.ActiveCfg = Release|Any CPU
		{696833BA-1ECC-433F-9981-9650DE24297A}.Release|Any CPU.Build.0 = Release|Any CPU
	EndGlobalSection
	GlobalSection(SolutionProperties) = preSolution
		HideSolutionNode = FALSE
	EndGlobalSection
	GlobalSection(ExtensibilityGlobals) = postSolution
		SolutionGuid = {BC7EDAE1-1588-440D-9B98-687AA40E7D0C}
	EndGlobalSection
EndGlobal
