
Microsoft Visual Studio Solution File, Format Version 12.00
# Visual Studio 15
VisualStudioVersion = 15.0.28010.2050
MinimumVisualStudioVersion = 10.0.40219.1
Project("{FAE04EC0-301F-11D3-BF4B-00C04F79EFBC}") = "MiFirmwareEditor", "MiFirmwareEditor.csproj", "{68A03A0E-55A7-4F7F-A351-5BC059580112}"
EndProject
Global
	GlobalSection(SolutionConfigurationPlatforms) = preSolution
		Debug|Any CPU = Debug|Any CPU
		Release|Any CPU = Release|Any CPU
	EndGlobalSection
	GlobalSection(ProjectConfigurationPlatforms) = postSolution
		{68A03A0E-55A7-4F7F-A351-5BC059580112}.Debug|Any CPU.ActiveCfg = Debug|Any CPU
		{68A03A0E-55A7-4F7F-A351-5BC059580112}.Debug|Any CPU.Build.0 = Debug|Any CPU
		{68A03A0E-55A7-4F7F-A351-5BC059580112}.Release|Any CPU.ActiveCfg = Release|Any CPU
		{68A03A0E-55A7-4F7F-A351-5BC059580112}.Release|Any CPU.Build.0 = Release|Any CPU
	EndGlobalSection
	GlobalSection(SolutionProperties) = preSolution
		HideSolutionNode = FALSE
	EndGlobalSection
	GlobalSection(ExtensibilityGlobals) = postSolution
		SolutionGuid = {26DC0486-89AC-44EA-A664-C64F92B53743}
	EndGlobalSection
EndGlobal
